
Microsoft Visual Studio Solution File, Format Version 12.00
# Visual Studio Version 16
VisualStudioVersion = 16.0.29926.136
MinimumVisualStudioVersion = 10.0.40219.1
Project("{9A19103F-16F7-4668-BE54-9A1E7A4F7556}") = "PhotoDatabase", "PhotoDownloader\PhotoDatabase.csproj", "{77F1D149-0A1F-47D6-9706-27B82899E1BF}"
EndProject
Global
	GlobalSection(SolutionConfigurationPlatforms) = preSolution
		Debug|Any CPU = Debug|Any CPU
		Release|Any CPU = Release|Any CPU
	EndGlobalSection
	GlobalSection(ProjectConfigurationPlatforms) = postSolution
		{77F1D149-0A1F-47D6-9706-27B82899E1BF}.Debug|Any CPU.ActiveCfg = Debug|Any CPU
		{77F1D149-0A1F-47D6-9706-27B82899E1BF}.Debug|Any CPU.Build.0 = Debug|Any CPU
		{77F1D149-0A1F-47D6-9706-27B82899E1BF}.Release|Any CPU.ActiveCfg = Release|Any CPU
		{77F1D149-0A1F-47D6-9706-27B82899E1BF}.Release|Any CPU.Build.0 = Release|Any CPU
	EndGlobalSection
	GlobalSection(SolutionProperties) = preSolution
		HideSolutionNode = FALSE
	EndGlobalSection
	GlobalSection(ExtensibilityGlobals) = postSolution
		SolutionGuid = {44A9E3F0-51DC-495B-A2A7-FD543B7BFFE9}
	EndGlobalSection
EndGlobal
